
Microsoft Visual Studio Solution File, Format Version 12.00
# Visual Studio Version 17
VisualStudioVersion = 17.0.31903.59
MinimumVisualStudioVersion = 10.0.40219.1
Project("{FAE04EC0-301F-11D3-BF4B-00C04F79EFBC}") = "SmartITSM.Core", "SmartITSM.Core\SmartITSM.Core.csproj", "{48164E64-FCE2-45FE-AB7C-D5927D511B12}"
EndProject
Project("{FAE04EC0-301F-11D3-BF4B-00C04F79EFBC}") = "SmartITSM.Application", "SmartITSM.Application\SmartITSM.Application.csproj", "{8F297B29-BDC0-4FBA-AE8A-785E3A545481}"
EndProject
Project("{FAE04EC0-301F-11D3-BF4B-00C04F79EFBC}") = "SmartITSM.Infrastructure", "SmartITSM.Infrastructure\SmartITSM.Infrastructure.csproj", "{A8C13695-BC77-4BBA-806F-8AAF21516CDB}"
EndProject
Project("{FAE04EC0-301F-11D3-BF4B-00C04F79EFBC}") = "SmartITSM.API", "SmartITSM.API\SmartITSM.API.csproj", "{27443274-A009-4A0B-B36A-C568B6F916C4}"
EndProject
Global
	GlobalSection(SolutionConfigurationPlatforms) = preSolution
		Debug|Any CPU = Debug|Any CPU
		Debug|x64 = Debug|x64
		Debug|x86 = Debug|x86
		Release|Any CPU = Release|Any CPU
		Release|x64 = Release|x64
		Release|x86 = Release|x86
	EndGlobalSection
	GlobalSection(ProjectConfigurationPlatforms) = postSolution
		{48164E64-FCE2-45FE-AB7C-D5927D511B12}.Debug|Any CPU.ActiveCfg = Debug|Any CPU
		{48164E64-FCE2-45FE-AB7C-D5927D511B12}.Debug|Any CPU.Build.0 = Debug|Any CPU
		{48164E64-FCE2-45FE-AB7C-D5927D511B12}.Debug|x64.ActiveCfg = Debug|Any CPU
		{48164E64-FCE2-45FE-AB7C-D5927D511B12}.Debug|x64.Build.0 = Debug|Any CPU
		{48164E64-FCE2-45FE-AB7C-D5927D511B12}.Debug|x86.ActiveCfg = Debug|Any CPU
		{48164E64-FCE2-45FE-AB7C-D5927D511B12}.Debug|x86.Build.0 = Debug|Any CPU
		{48164E64-FCE2-45FE-AB7C-D5927D511B12}.Release|Any CPU.ActiveCfg = Release|Any CPU
		{48164E64-FCE2-45FE-AB7C-D5927D511B12}.Release|Any CPU.Build.0 = Release|Any CPU
		{48164E64-FCE2-45FE-AB7C-D5927D511B12}.Release|x64.ActiveCfg = Release|Any CPU
		{48164E64-FCE2-45FE-AB7C-D5927D511B12}.Release|x64.Build.0 = Release|Any CPU
		{48164E64-FCE2-45FE-AB7C-D5927D511B12}.Release|x86.ActiveCfg = Release|Any CPU
		{48164E64-FCE2-45FE-AB7C-D5927D511B12}.Release|x86.Build.0 = Release|Any CPU
		{8F297B29-BDC0-4FBA-AE8A-785E3A545481}.Debug|Any CPU.ActiveCfg = Debug|Any CPU
		{8F297B29-BDC0-4FBA-AE8A-785E3A545481}.Debug|Any CPU.Build.0 = Debug|Any CPU
		{8F297B29-BDC0-4FBA-AE8A-785E3A545481}.Debug|x64.ActiveCfg = Debug|Any CPU
		{8F297B29-BDC0-4FBA-AE8A-785E3A545481}.Debug|x64.Build.0 = Debug|Any CPU
		{8F297B29-BDC0-4FBA-AE8A-785E3A545481}.Debug|x86.ActiveCfg = Debug|Any CPU
		{8F297B29-BDC0-4FBA-AE8A-785E3A545481}.Debug|x86.Build.0 = Debug|Any CPU
		{8F297B29-BDC0-4FBA-AE8A-785E3A545481}.Release|Any CPU.ActiveCfg = Release|Any CPU
		{8F297B29-BDC0-4FBA-AE8A-785E3A545481}.Release|Any CPU.Build.0 = Release|Any CPU
		{8F297B29-BDC0-4FBA-AE8A-785E3A545481}.Release|x64.ActiveCfg = Release|Any CPU
		{8F297B29-BDC0-4FBA-AE8A-785E3A545481}.Release|x64.Build.0 = Release|Any CPU
		{8F297B29-BDC0-4FBA-AE8A-785E3A545481}.Release|x86.ActiveCfg = Release|Any CPU
		{8F297B29-BDC0-4FBA-AE8A-785E3A545481}.Release|x86.Build.0 = Release|Any CPU
		{A8C13695-BC77-4BBA-806F-8AAF21516CDB}.Debug|Any CPU.ActiveCfg = Debug|Any CPU
		{A8C13695-BC77-4BBA-806F-8AAF21516CDB}.Debug|Any CPU.Build.0 = Debug|Any CPU
		{A8C13695-BC77-4BBA-806F-8AAF21516CDB}.Debug|x64.ActiveCfg = Debug|Any CPU
		{A8C13695-BC77-4BBA-806F-8AAF21516CDB}.Debug|x64.Build.0 = Debug|Any CPU
		{A8C13695-BC77-4BBA-806F-8AAF21516CDB}.Debug|x86.ActiveCfg = Debug|Any CPU
		{A8C13695-BC77-4BBA-806F-8AAF21516CDB}.Debug|x86.Build.0 = Debug|Any CPU
		{A8C13695-BC77-4BBA-806F-8AAF21516CDB}.Release|Any CPU.ActiveCfg = Release|Any CPU
		{A8C13695-BC77-4BBA-806F-8AAF21516CDB}.Release|Any CPU.Build.0 = Release|Any CPU
		{A8C13695-BC77-4BBA-806F-8AAF21516CDB}.Release|x64.ActiveCfg = Release|Any CPU
		{A8C13695-BC77-4BBA-806F-8AAF21516CDB}.Release|x64.Build.0 = Release|Any CPU
		{A8C13695-BC77-4BBA-806F-8AAF21516CDB}.Release|x86.ActiveCfg = Release|Any CPU
		{A8C13695-BC77-4BBA-806F-8AAF21516CDB}.Release|x86.Build.0 = Release|Any CPU
		{27443274-A009-4A0B-B36A-C568B6F916C4}.Debug|Any CPU.ActiveCfg = Debug|Any CPU
		{27443274-A009-4A0B-B36A-C568B6F916C4}.Debug|Any CPU.Build.0 = Debug|Any CPU
		{27443274-A009-4A0B-B36A-C568B6F916C4}.Debug|x64.ActiveCfg = Debug|Any CPU
		{27443274-A009-4A0B-B36A-C568B6F916C4}.Debug|x64.Build.0 = Debug|Any CPU
		{27443274-A009-4A0B-B36A-C568B6F916C4}.Debug|x86.ActiveCfg = Debug|Any CPU
		{27443274-A009-4A0B-B36A-C568B6F916C4}.Debug|x86.Build.0 = Debug|Any CPU
		{27443274-A009-4A0B-B36A-C568B6F916C4}.Release|Any CPU.ActiveCfg = Release|Any CPU
		{27443274-A009-4A0B-B36A-C568B6F916C4}.Release|Any CPU.Build.0 = Release|Any CPU
		{27443274-A009-4A0B-B36A-C568B6F916C4}.Release|x64.ActiveCfg = Release|Any CPU
		{27443274-A009-4A0B-B36A-C568B6F916C4}.Release|x64.Build.0 = Release|Any CPU
		{27443274-A009-4A0B-B36A-C568B6F916C4}.Release|x86.ActiveCfg = Release|Any CPU
		{27443274-A009-4A0B-B36A-C568B6F916C4}.Release|x86.Build.0 = Release|Any CPU
	EndGlobalSection
	GlobalSection(SolutionProperties) = preSolution
		HideSolutionNode = FALSE
	EndGlobalSection
EndGlobal
